
Microsoft Visual Studio Solution File, Format Version 12.00
# Visual Studio 15
Project("{FAE04EC0-301F-11D3-BF4B-00C04F79EFBC}") = "Assembly-CSharp", "Assembly-CSharp.csproj", "{97A44E84-7C0D-6128-1DB2-F1BF3D3D1637}"
EndProject
Project("{FAE04EC0-301F-11D3-BF4B-00C04F79EFBC}") = "Assembly-CSharp-Editor", "Assembly-CSharp-Editor.csproj", "{E279A064-0141-754C-13EF-E77C42FCD15D}"
EndProject
Global
	GlobalSection(SolutionConfigurationPlatforms) = preSolution
		Debug|Any CPU = Debug|Any CPU
		Release|Any CPU = Release|Any CPU
	EndGlobalSection
	GlobalSection(ProjectConfigurationPlatforms) = postSolution
		{97A44E84-7C0D-6128-1DB2-F1BF3D3D1637}.Debug|Any CPU.ActiveCfg = Debug|Any CPU
		{97A44E84-7C0D-6128-1DB2-F1BF3D3D1637}.Debug|Any CPU.Build.0 = Debug|Any CPU
		{97A44E84-7C0D-6128-1DB2-F1BF3D3D1637}.Release|Any CPU.ActiveCfg = Release|Any CPU
		{97A44E84-7C0D-6128-1DB2-F1BF3D3D1637}.Release|Any CPU.Build.0 = Release|Any CPU
		{E279A064-0141-754C-13EF-E77C42FCD15D}.Debug|Any CPU.ActiveCfg = Debug|Any CPU
		{E279A064-0141-754C-13EF-E77C42FCD15D}.Debug|Any CPU.Build.0 = Debug|Any CPU
		{E279A064-0141-754C-13EF-E77C42FCD15D}.Release|Any CPU.ActiveCfg = Release|Any CPU
		{E279A064-0141-754C-13EF-E77C42FCD15D}.Release|Any CPU.Build.0 = Release|Any CPU
	EndGlobalSection
	GlobalSection(SolutionProperties) = preSolution
		HideSolutionNode = FALSE
	EndGlobalSection
EndGlobal
